
Microsoft Visual Studio Solution File, Format Version 12.00
# Visual Studio Version 16
VisualStudioVersion = 16.0.30413.136
MinimumVisualStudioVersion = 10.0.40219.1
Project("{FAE04EC0-301F-11D3-BF4B-00C04F79EFBC}") = "gitdemo2.Android", "gitdemo2.Android\gitdemo2.Android.csproj", "{51E353A2-6F80-4C35-AB83-55F951F925BB}"
EndProject
Project("{FAE04EC0-301F-11D3-BF4B-00C04F79EFBC}") = "gitdemo2", "gitdemo2\gitdemo2.csproj", "{D85BA2DE-975D-4E21-B35F-9A4A36BB362D}"
EndProject
Global
	GlobalSection(SolutionConfigurationPlatforms) = preSolution
		Debug|Any CPU = Debug|Any CPU
		Release|Any CPU = Release|Any CPU
	EndGlobalSection
	GlobalSection(ProjectConfigurationPlatforms) = postSolution
		{51E353A2-6F80-4C35-AB83-55F951F925BB}.Debug|Any CPU.ActiveCfg = Debug|Any CPU
		{51E353A2-6F80-4C35-AB83-55F951F925BB}.Debug|Any CPU.Build.0 = Debug|Any CPU
		{51E353A2-6F80-4C35-AB83-55F951F925BB}.Debug|Any CPU.Deploy.0 = Debug|Any CPU
		{51E353A2-6F80-4C35-AB83-55F951F925BB}.Release|Any CPU.ActiveCfg = Release|Any CPU
		{51E353A2-6F80-4C35-AB83-55F951F925BB}.Release|Any CPU.Build.0 = Release|Any CPU
		{51E353A2-6F80-4C35-AB83-55F951F925BB}.Release|Any CPU.Deploy.0 = Release|Any CPU
		{D85BA2DE-975D-4E21-B35F-9A4A36BB362D}.Debug|Any CPU.ActiveCfg = Debug|Any CPU
		{D85BA2DE-975D-4E21-B35F-9A4A36BB362D}.Debug|Any CPU.Build.0 = Debug|Any CPU
		{D85BA2DE-975D-4E21-B35F-9A4A36BB362D}.Debug|Any CPU.Deploy.0 = Debug|Any CPU
		{D85BA2DE-975D-4E21-B35F-9A4A36BB362D}.Release|Any CPU.ActiveCfg = Release|Any CPU
		{D85BA2DE-975D-4E21-B35F-9A4A36BB362D}.Release|Any CPU.Build.0 = Release|Any CPU
		{D85BA2DE-975D-4E21-B35F-9A4A36BB362D}.Release|Any CPU.Deploy.0 = Release|Any CPU
	EndGlobalSection
	GlobalSection(SolutionProperties) = preSolution
		HideSolutionNode = FALSE
	EndGlobalSection
	GlobalSection(ExtensibilityGlobals) = postSolution
		SolutionGuid = {1590F2C9-B642-4490-A71E-E6E9844B9723}
	EndGlobalSection
EndGlobal
